
Microsoft Visual Studio Solution File, Format Version 12.00
# Visual Studio Version 17
VisualStudioVersion = 17.5.002.0
MinimumVisualStudioVersion = 10.0.40219.1
Project("{9A19103F-16F7-4668-BE54-9A1E7A4F7556}") = "TDE06", "TDE06.csproj", "{C02C0D57-E3C6-41C8-B204-E8104079E38C}"
EndProject
Global
	GlobalSection(SolutionConfigurationPlatforms) = preSolution
		Debug|Any CPU = Debug|Any CPU
		Release|Any CPU = Release|Any CPU
	EndGlobalSection
	GlobalSection(ProjectConfigurationPlatforms) = postSolution
		{C02C0D57-E3C6-41C8-B204-E8104079E38C}.Debug|Any CPU.ActiveCfg = Debug|Any CPU
		{C02C0D57-E3C6-41C8-B204-E8104079E38C}.Debug|Any CPU.Build.0 = Debug|Any CPU
		{C02C0D57-E3C6-41C8-B204-E8104079E38C}.Release|Any CPU.ActiveCfg = Release|Any CPU
		{C02C0D57-E3C6-41C8-B204-E8104079E38C}.Release|Any CPU.Build.0 = Release|Any CPU
	EndGlobalSection
	GlobalSection(SolutionProperties) = preSolution
		HideSolutionNode = FALSE
	EndGlobalSection
	GlobalSection(ExtensibilityGlobals) = postSolution
		SolutionGuid = {7776D795-9CB3-4D16-95A7-7A1CAD56BDC6}
	EndGlobalSection
EndGlobal
